
Microsoft Visual Studio Solution File, Format Version 11.00
# Visual Studio 2010
Project("{8BC9CEB8-8B4A-11D0-8D11-00A0C91BC942}") = "darts", "darts\darts.vcxproj", "{E0BF7CB0-FEE1-4084-9BD1-FF79EAC62DFC}"
EndProject
Global
	GlobalSection(SolutionConfigurationPlatforms) = preSolution
		Debug|Win32 = Debug|Win32
		Release|Win32 = Release|Win32
	EndGlobalSection
	GlobalSection(ProjectConfigurationPlatforms) = postSolution
		{E0BF7CB0-FEE1-4084-9BD1-FF79EAC62DFC}.Debug|Win32.ActiveCfg = Debug|Win32
		{E0BF7CB0-FEE1-4084-9BD1-FF79EAC62DFC}.Debug|Win32.Build.0 = Debug|Win32
		{E0BF7CB0-FEE1-4084-9BD1-FF79EAC62DFC}.Release|Win32.ActiveCfg = Release|Win32
		{E0BF7CB0-FEE1-4084-9BD1-FF79EAC62DFC}.Release|Win32.Build.0 = Release|Win32
	EndGlobalSection
	GlobalSection(SolutionProperties) = preSolution
		HideSolutionNode = FALSE
	EndGlobalSection
EndGlobal
